// !$*UTF8*$!
{
	archiveVersion = 1;
	classes = {
	};
	objectVersion = 46;
	objects = {

/* Begin PBXBuildFile section */
		6E5559131DACBF6600B90D96 /* AppDelegate.swift in Sources */ = {isa = PBXBuildFile; fileRef = 6E5559121DACBF6600B90D96 /* AppDelegate.swift */; };
		6E5559151DACBF6600B90D96 /* ViewController.swift in Sources */ = {isa = PBXBuildFile; fileRef = 6E5559141DACBF6600B90D96 /* ViewController.swift */; };
		6E5559181DACBF6700B90D96 /* Main.storyboard in Resources */ = {isa = PBXBuildFile; fileRef = 6E5559161DACBF6700B90D96 /* Main.storyboard */; };
		6E55591A1DACBF6700B90D96 /* Assets.xcassets in Resources */ = {isa = PBXBuildFile; fileRef = 6E5559191DACBF6700B90D96 /* Assets.xcassets */; };
		6E55591D1DACBF6700B90D96 /* LaunchScreen.storyboard in Resources */ = {isa = PBXBuildFile; fileRef = 6E55591B1DACBF6700B90D96 /* LaunchScreen.storyboard */; };
		6E5559251DACBFC000B90D96 /* WeatherBackground.jpg in Resources */ = {isa = PBXBuildFile; fileRef = 6E5559241DACBFC000B90D96 /* WeatherBackground.jpg */; };
/* End PBXBuildFile section */

/* Begin PBXFileReference section */
		6E55590F1DACBF6600B90D96 /* What's the Weather?.app */ = {isa = PBXFileReference; explicitFileType = wrapper.application; includeInIndex = 0; path = "What's the Weather?.app"; sourceTree = BUILT_PRODUCTS_DIR; };
		6E5559121DACBF6600B90D96 /* AppDelegate.swift */ = {isa = PBXFileReference; lastKnownFileType = sourcecode.swift; path = AppDelegate.swift; sourceTree = "<group>"; };
		6E5559141DACBF6600B90D96 /* ViewController.swift */ = {isa = PBXFileReference; lastKnownFileType = sourcecode.swift; path = ViewController.swift; sourceTree = "<group>"; };
		6E5559171DACBF6700B90D96 /* Base */ = {isa = PBXFileReference; lastKnownFileType = file.storyboard; name = Base; path = Base.lproj/Main.storyboard; sourceTree = "<group>"; };
		6E5559191DACBF6700B90D96 /* Assets.xcassets */ = {isa = PBXFileReference; lastKnownFileType = folder.assetcatalog; path = Assets.xcassets; sourceTree = "<group>"; };
		6E55591C1DACBF6700B90D96 /* Base */ = {isa = PBXFileReference; lastKnownFileType = file.storyboard; name = Base; path = Base.lproj/LaunchScreen.storyboard; sourceTree = "<group>"; };
		6E55591E1DACBF6700B90D96 /* Info.plist */ = {isa = PBXFileReference; lastKnownFileType = text.plist.xml; path = Info.plist; sourceTree = "<group>"; };
		6E5559241DACBFC000B90D96 /* WeatherBackground.jpg */ = {isa = PBXFileReference; lastKnownFileType = image.jpeg; path = WeatherBackground.jpg; sourceTree = "<group>"; };
/* End PBXFileReference section */

/* Begin PBXFrameworksBuildPhase section */
		6E55590C1DACBF6600B90D96 /* Frameworks */ = {
			isa = PBXFrameworksBuildPhase;
			buildActionMask = 2147483647;
			files = (
			);
			runOnlyForDeploymentPostprocessing = 0;
		};
/* End PBXFrameworksBuildPhase section */

/* Begin PBXGroup section */
		6E5559061DACBF6600B90D96 = {
			isa = PBXGroup;
			children = (
				6E5559111DACBF6600B90D96 /* What's the Weather? */,
				6E5559101DACBF6600B90D96 /* Products */,
			);
			sourceTree = "<group>";
		};
		6E5559101DACBF6600B90D96 /* Products */ = {
			isa = PBXGroup;
			children = (
				6E55590F1DACBF6600B90D96 /* What's the Weather?.app */,
			);
			name = Products;
			sourceTree = "<group>";
		};
		6E5559111DACBF6600B90D96 /* What's the Weather? */ = {
			isa = PBXGroup;
			children = (
				6E5559121DACBF6600B90D96 /* AppDelegate.swift */,
				6E5559141DACBF6600B90D96 /* ViewController.swift */,
				6E5559161DACBF6700B90D96 /* Main.storyboard */,
				6E5559241DACBFC000B90D96 /* WeatherBackground.jpg */,
				6E5559191DACBF6700B90D96 /* Assets.xcassets */,
				6E55591B1DACBF6700B90D96 /* LaunchScreen.storyboard */,
				6E55591E1DACBF6700B90D96 /* Info.plist */,
			);
			path = "What's the Weather?";
			sourceTree = "<group>";
		};
/* End PBXGroup section */

/* Begin PBXNativeTarget section */
		6E55590E1DACBF6600B90D96 /* What's the Weather? */ = {
			isa = PBXNativeTarget;
			buildConfigurationList = 6E5559211DACBF6700B90D96 /* Build configuration list for PBXNativeTarget "What's the Weather?" */;
			buildPhases = (
				6E55590B1DACBF6600B90D96 /* Sources */,
				6E55590C1DACBF6600B90D96 /* Frameworks */,
				6E55590D1DACBF6600B90D96 /* Resources */,
			);
			buildRules = (
			);
			dependencies = (
			);
			name = "What's the Weather?";
			productName = "What's the Weather?";
			productReference = 6E55590F1DACBF6600B90D96 /* What's the Weather?.app */;
			productType = "com.apple.product-type.application";
		};
/* End PBXNativeTarget section */

/* Begin PBXProject section */
		6E5559071DACBF6600B90D96 /* Project object */ = {
			isa = PBXProject;
			attributes = {
				LastSwiftUpdateCheck = 0800;
				LastUpgradeCheck = 0800;
				ORGANIZATIONNAME = cheezy;
				TargetAttributes = {
					6E55590E1DACBF6600B90D96 = {
						CreatedOnToolsVersion = 8.0;
						ProvisioningStyle = Automatic;
					};
				};
			};
			buildConfigurationList = 6E55590A1DACBF6600B90D96 /* Build configuration list for PBXProject "What's the Weather?" */;
			compatibilityVersion = "Xcode 3.2";
			developmentRegion = English;
			hasScannedForEncodings = 0;
			knownRegions = (
				en,
				Base,
			);
			mainGroup = 6E5559061DACBF6600B90D96;
			productRefGroup = 6E5559101DACBF6600B90D96 /* Products */;
			projectDirPath = "";
			projectRoot = "";
			targets = (
				6E55590E1DACBF6600B90D96 /* What's the Weather? */,
			);
		};
/* End PBXProject section */

/* Begin PBXResourcesBuildPhase section */
		6E55590D1DACBF6600B90D96 /* Resources */ = {
			isa = PBXResourcesBuildPhase;
			buildActionMask = 2147483647;
			files = (
				6E5559251DACBFC000B90D96 /* WeatherBackground.jpg in Resources */,
				6E55591D1DACBF6700B90D96 /* LaunchScreen.storyboard in Resources */,
				6E55591A1DACBF6700B90D96 /* Assets.xcassets in Resources */,
				6E5559181DACBF6700B90D96 /* Main.storyboard in Resources */,
			);
			runOnlyForDeploymentPostprocessing = 0;
		};
/* End PBXResourcesBuildPhase section */

/* Begin PBXSourcesBuildPhase section */
		6E55590B1DACBF6600B90D96 /* Sources */ = {
			isa = PBXSourcesBuildPhase;
			buildActionMask = 2147483647;
			files = (
				6E5559151DACBF6600B90D96 /* ViewController.swift in Sources */,
				6E5559131DACBF6600B90D96 /* AppDelegate.swift in Sources */,
			);
			runOnlyForDeploymentPostprocessing = 0;
		};
/* End PBXSourcesBuildPhase section */

/* Begin PBXVariantGroup section */
		6E5559161DACBF6700B90D96 /* Main.storyboard */ = {
			isa = PBXVariantGroup;
			children = (
				6E5559171DACBF6700B90D96 /* Base */,
			);
			name = Main.storyboard;
			sourceTree = "<group>";
		};
		6E55591B1DACBF6700B90D96 /* LaunchScreen.storyboard */ = {
			isa = PBXVariantGroup;
			children = (
				6E55591C1DACBF6700B90D96 /* Base */,
			);
			name = LaunchScreen.storyboard;
			sourceTree = "<group>";
		};
/* End PBXVariantGroup section */

/* Begin XCBuildConfiguration section */
		6E55591F1DACBF6700B90D96 /* Debug */ = {
			isa = XCBuildConfiguration;
			buildSettings = {
				ALWAYS_SEARCH_USER_PATHS = NO;
				CLANG_ANALYZER_NONNULL = YES;
				CLANG_CXX_LANGUAGE_STANDARD = "gnu++0x";
				CLANG_CXX_LIBRARY = "libc++";
				CLANG_ENABLE_MODULES = YES;
				CLANG_ENABLE_OBJC_ARC = YES;
				CLANG_WARN_BOOL_CONVERSION = YES;
				CLANG_WARN_CONSTANT_CONVERSION = YES;
				CLANG_WARN_DIRECT_OBJC_ISA_USAGE = YES_ERROR;
				CLANG_WARN_DOCUMENTATION_COMMENTS = YES;
				CLANG_WARN_EMPTY_BODY = YES;
				CLANG_WARN_ENUM_CONVERSION = YES;
				CLANG_WARN_INFINITE_RECURSION = YES;
				CLANG_WARN_INT_CONVERSION = YES;
				CLANG_WARN_OBJC_ROOT_CLASS = YES_ERROR;
				CLANG_WARN_SUSPICIOUS_MOVES = YES;
				CLANG_WARN_UNREACHABLE_CODE = YES;
				CLANG_WARN__DUPLICATE_METHOD_MATCH = YES;
				"CODE_SIGN_IDENTITY[sdk=iphoneos*]" = "iPhone Developer";
				COPY_PHASE_STRIP = NO;
				DEBUG_INFORMATION_FORMAT = dwarf;
				ENABLE_STRICT_OBJC_MSGSEND = YES;
				ENABLE_TESTABILITY = YES;
				GCC_C_LANGUAGE_STANDARD = gnu99;
				GCC_DYNAMIC_NO_PIC = NO;
				GCC_NO_COMMON_BLOCKS = YES;
				GCC_OPTIMIZATION_LEVEL = 0;
				GCC_PREPROCESSOR_DEFINITIONS = (
					"DEBUG=1",
					"$(inherited)",
				);
				GCC_WARN_64_TO_32_BIT_CONVERSION = YES;
				GCC_WARN_ABOUT_RETURN_TYPE = YES_ERROR;
				GCC_WARN_UNDECLARED_SELECTOR = YES;
				GCC_WARN_UNINITIALIZED_AUTOS = YES_AGGRESSIVE;
				GCC_WARN_UNUSED_FUNCTION = YES;
				GCC_WARN_UNUSED_VARIABLE = YES;
				IPHONEOS_DEPLOYMENT_TARGET = 10.0;
				MTL_ENABLE_DEBUG_INFO = YES;
				ONLY_ACTIVE_ARCH = YES;
				SDKROOT = iphoneos;
				SWIFT_ACTIVE_COMPILATION_CONDITIONS = DEBUG;
				SWIFT_OPTIMIZATION_LEVEL = "-Onone";
			};
			name = Debug;
		};
		6E5559201DACBF6700B90D96 /* Release */ = {
			isa = XCBuildConfiguration;
			buildSettings = {
				ALWAYS_SEARCH_USER_PATHS = NO;
				CLANG_ANALYZER_NONNULL = YES;
				CLANG_CXX_LANGUAGE_STANDARD = "gnu++0x";
				CLANG_CXX_LIBRARY = "libc++";
				CLANG_ENABLE_MODULES = YES;
				CLANG_ENABLE_OBJC_ARC = YES;
				CLANG_WARN_BOOL_CONVERSION = YES;
				CLANG_WARN_CONSTANT_CONVERSION = YES;
				CLANG_WARN_DIRECT_OBJC_ISA_USAGE = YES_ERROR;
				CLANG_WARN_DOCUMENTATION_COMMENTS = YES;
				CLANG_WARN_EMPTY_BODY = YES;
				CLANG_WARN_ENUM_CONVERSION = YES;
				CLANG_WARN_INFINITE_RECURSION = YES;
				CLANG_WARN_INT_CONVERSION = YES;
				CLANG_WARN_OBJC_ROOT_CLASS = YES_ERROR;
				CLANG_WARN_SUSPICIOUS_MOVES = YES;
				CLANG_WARN_UNREACHABLE_CODE = YES;
				CLANG_WARN__DUPLICATE_METHOD_MATCH = YES;
				"CODE_SIGN_IDENTITY[sdk=iphoneos*]" = "iPhone Developer";
				COPY_PHASE_STRIP = NO;
				DEBUG_INFORMATION_FORMAT = "dwarf-with-dsym";
				ENABLE_NS_ASSERTIONS = NO;
				ENABLE_STRICT_OBJC_MSGSEND = YES;
				GCC_C_LANGUAGE_STANDARD = gnu99;
				GCC_NO_COMMON_BLOCKS = YES;
				GCC_WARN_64_TO_32_BIT_CONVERSION = YES;
				GCC_WARN_ABOUT_RETURN_TYPE = YES_ERROR;
				GCC_WARN_UNDECLARED_SELECTOR = YES;
				GCC_WARN_UNINITIALIZED_AUTOS = YES_AGGRESSIVE;
				GCC_WARN_UNUSED_FUNCTION = YES;
				GCC_WARN_UNUSED_VARIABLE = YES;
				IPHONEOS_DEPLOYMENT_TARGET = 10.0;
				MTL_ENABLE_DEBUG_INFO = NO;
				SDKROOT = iphoneos;
				SWIFT_OPTIMIZATION_LEVEL = "-Owholemodule";
				VALIDATE_PRODUCT = YES;
			};
			name = Release;
		};
		6E5559221DACBF6700B90D96 /* Debug */ = {
			isa = XCBuildConfiguration;
			buildSettings = {
				ASSETCATALOG_COMPILER_APPICON_NAME = AppIcon;
				INFOPLIST_FILE = "What's the Weather?/Info.plist";
				LD_RUNPATH_SEARCH_PATHS = "$(inherited) @executable_path/Frameworks";
				PRODUCT_BUNDLE_IDENTIFIER = "com.cheezy.What-s-the-Weather-";
				PRODUCT_NAME = "$(TARGET_NAME)";
				SWIFT_VERSION = 3.0;
			};
			name = Debug;
		};
		6E5559231DACBF6700B90D96 /* Release */ = {
			isa = XCBuildConfiguration;
			buildSettings = {
				ASSETCATALOG_COMPILER_APPICON_NAME = AppIcon;
				INFOPLIST_FILE = "What's the Weather?/Info.plist";
				LD_RUNPATH_SEARCH_PATHS = "$(inherited) @executable_path/Frameworks";
				PRODUCT_BUNDLE_IDENTIFIER = "com.cheezy.What-s-the-Weather-";
				PRODUCT_NAME = "$(TARGET_NAME)";
				SWIFT_VERSION = 3.0;
			};
			name = Release;
		};
/* End XCBuildConfiguration section */

/* Begin XCConfigurationList section */
		6E55590A1DACBF6600B90D96 /* Build configuration list for PBXProject "What's the Weather?" */ = {
			isa = XCConfigurationList;
			buildConfigurations = (
				6E55591F1DACBF6700B90D96 /* Debug */,
				6E5559201DACBF6700B90D96 /* Release */,
			);
			defaultConfigurationIsVisible = 0;
			defaultConfigurationName = Release;
		};
		6E5559211DACBF6700B90D96 /* Build configuration list for PBXNativeTarget "What's the Weather?" */ = {
			isa = XCConfigurationList;
			buildConfigurations = (
				6E5559221DACBF6700B90D96 /* Debug */,
				6E5559231DACBF6700B90D96 /* Release */,
			);
			defaultConfigurationIsVisible = 0;
		};
/* End XCConfigurationList section */
	};
	rootObject = 6E5559071DACBF6600B90D96 /* Project object */;
}
